# THIS IS AN AUTOGENERATED FILE. DO NOT EDIT THIS FILE DIRECTLY.
# yarn lockfile v1


"@ethereumjs/rlp@^4.0.1":
  version "4.0.1"
  resolved "https://registry.yarnpkg.com/@ethereumjs/rlp/-/rlp-4.0.1.tgz#626fabfd9081baab3d0a3074b0c7ecaf674aaa41"
  integrity sha512-tqsQiBQDQdmPWE1xkkBq4rlSW5QZpLOUJ5RJh2/9fug+q9tnUhuZoVLk7s0scUIKTOzEtR72DFBXI4WiZcMpvw==

"@ethereumjs/util@^8.1.0":
  version "8.1.0"
  resolved "https://registry.yarnpkg.com/@ethereumjs/util/-/util-8.1.0.tgz#299df97fb6b034e0577ce9f94c7d9d1004409ed4"
  integrity sha512-zQ0IqbdX8FZ9aw11vP+dZkKDkS+kgIvQPHnSAXzP9pLu+Rfu3D3XEeLbicvoXJTYnhZiPmsZUxgdzXwNKxRPbA==
  dependencies:
    "@ethereumjs/rlp" "^4.0.1"
    ethereum-cryptography "^2.0.0"
    micro-ftch "^0.3.1"

"@noble/curves@1.4.2", "@noble/curves@~1.4.0":
  version "1.4.2"
  resolved "https://registry.yarnpkg.com/@noble/curves/-/curves-1.4.2.tgz#40309198c76ed71bc6dbf7ba24e81ceb4d0d1fe9"
  integrity sha512-TavHr8qycMChk8UwMld0ZDRvatedkzWfH8IiaeGCfymOP5i0hSCozz9vHOL0nkwk7HRMlFnAiKpS2jrUmSybcw==
  dependencies:
    "@noble/hashes" "1.4.0"

"@noble/hashes@1.3.0":
  version "1.3.0"
  resolved "https://registry.yarnpkg.com/@noble/hashes/-/hashes-1.3.0.tgz#085fd70f6d7d9d109671090ccae1d3bec62554a1"
  integrity sha512-ilHEACi9DwqJB0pw7kv+Apvh50jiiSyR/cQ3y4W7lOR5mhvn/50FLUfsnfJz0BDZtl/RR16kXvptiv6q1msYZg==

"@noble/hashes@1.4.0", "@noble/hashes@~1.4.0":
  version "1.4.0"
  resolved "https://registry.yarnpkg.com/@noble/hashes/-/hashes-1.4.0.tgz#45814aa329f30e4fe0ba49426f49dfccdd066426"
  integrity sha512-V1JJ1WTRUqHHrOSh597hURcMqVKVGL/ea3kv0gSnEdsEZ0/+VyPghM1lMNGc00z7CIQorSvbKpuJkxvuHbvdbg==

"@noble/secp256k1@1.7.1":
  version "1.7.1"
  resolved "https://registry.yarnpkg.com/@noble/secp256k1/-/secp256k1-1.7.1.tgz#b251c70f824ce3ca7f8dc3df08d58f005cc0507c"
  integrity sha512-hOUk6AyBFmqVrv7k5WAw/LpszxVbj9gGN4JRkIX52fdFAj1UA61KXmZDvqVEm+pOyec3+fIeZB02LYa/pWOArw==

"@polkadot/api-augment@10.0.1":
  version "10.0.1"
  resolved "https://registry.yarnpkg.com/@polkadot/api-augment/-/api-augment-10.0.1.tgz#b8e7766e1d89e3ee753ae053e3edd21ddc0c780c"
  integrity sha512-VOMkUurEZ/r27Sx5zeGACApm4wLZx5bsxo8sWxaVE1enZvob1JpzGuN12rTlMr0ej4Az8BxvlGbcT3fQYw275Q==
  dependencies:
    "@polkadot/api-base" "10.0.1"
    "@polkadot/rpc-augment" "10.0.1"
    "@polkadot/types" "10.0.1"
    "@polkadot/types-augment" "10.0.1"
    "@polkadot/types-codec" "10.0.1"
    "@polkadot/util" "^11.0.1"
    tslib "^2.5.0"

"@polkadot/api-base@10.0.1":
  version "10.0.1"
  resolved "https://registry.yarnpkg.com/@polkadot/api-base/-/api-base-10.0.1.tgz#c3f19b5ea483ba642e98724364b58c9e16ba26fe"
  integrity sha512-yuCgHYQU7Tn32I4sNk5Qb/OwB85ICXCfWja95watbEP6os601IllI6s7JhFx3G4fjvfI94DzewOnOhhBHt+2SA==
  dependencies:
    "@polkadot/rpc-core" "10.0.1"
    "@polkadot/types" "10.0.1"
    "@polkadot/util" "^11.0.1"
    rxjs "^7.8.0"
    tslib "^2.5.0"

"@polkadot/api-derive@10.0.1":
  version "10.0.1"
  resolved "https://registry.yarnpkg.com/@polkadot/api-derive/-/api-derive-10.0.1.tgz#fa62a5dc9301167fc628483a6bce65fd5f5a8adc"
  integrity sha512-btiE/ATJybKqBBYQvjujXZ+WrMfzwNvKRGI84cbEYnX4OHIo47O/v+zGQ2nUhbOfcJFa8FBU6dB9fMTBRl2R5g==
  dependencies:
    "@polkadot/api" "10.0.1"
    "@polkadot/api-augment" "10.0.1"
    "@polkadot/api-base" "10.0.1"
    "@polkadot/rpc-core" "10.0.1"
    "@polkadot/types" "10.0.1"
    "@polkadot/types-codec" "10.0.1"
    "@polkadot/util" "^11.0.1"
    "@polkadot/util-crypto" "^11.0.1"
    rxjs "^7.8.0"
    tslib "^2.5.0"

"@polkadot/api@10.0.1":
  version "10.0.1"
  resolved "https://registry.yarnpkg.com/@polkadot/api/-/api-10.0.1.tgz#ff3272e9f3d5d8c6d7c9e842f0a11c1c6a462265"
  integrity sha512-XDJwGqtnFKWlY2kEGOCOAFhczgUxwNZ553zVbmkR65eK4gVlCwIMHLkU/rPlPf/QShrTCZXQhaS/HwIXeFHIvw==
  dependencies:
    "@polkadot/api-augment" "10.0.1"
    "@polkadot/api-base" "10.0.1"
    "@polkadot/api-derive" "10.0.1"
    "@polkadot/keyring" "^11.0.1"
    "@polkadot/rpc-augment" "10.0.1"
    "@polkadot/rpc-core" "10.0.1"
    "@polkadot/rpc-provider" "10.0.1"
    "@polkadot/types" "10.0.1"
    "@polkadot/types-augment" "10.0.1"
    "@polkadot/types-codec" "10.0.1"
    "@polkadot/types-create" "10.0.1"
    "@polkadot/types-known" "10.0.1"
    "@polkadot/util" "^11.0.1"
    "@polkadot/util-crypto" "^11.0.1"
    eventemitter3 "^5.0.0"
    rxjs "^7.8.0"
    tslib "^2.5.0"

"@polkadot/keyring@^11.0.1":
  version "11.1.3"
  resolved "https://registry.yarnpkg.com/@polkadot/keyring/-/keyring-11.1.3.tgz#8718f14996ecdb389acffc6ecbe7deb8a2d74b5f"
  integrity sha512-bzGz1cWDYK7MWhp0630W6KOwTC/wsvKKHBvWxReMT7iQwFHeLn5AemUOveqIPxF+esd/UfdN5aFDHApjYcyZsg==
  dependencies:
    "@polkadot/util" "11.1.3"
    "@polkadot/util-crypto" "11.1.3"
    tslib "^2.5.0"

"@polkadot/networks@11.1.3", "@polkadot/networks@^11.0.1":
  version "11.1.3"
  resolved "https://registry.yarnpkg.com/@polkadot/networks/-/networks-11.1.3.tgz#e113c98269328267962c2047dccca4d2790cc8a5"
  integrity sha512-goLpX9SswAGGeh1jXB79wHEfWOF5rLIItMHYalujBmhQVxyAqbxP2tzQqPQXDLcnkWbgwkyYGLXaDD72GBqHZw==
  dependencies:
    "@polkadot/util" "11.1.3"
    "@substrate/ss58-registry" "^1.39.0"
    tslib "^2.5.0"

"@polkadot/rpc-augment@10.0.1":
  version "10.0.1"
  resolved "https://registry.yarnpkg.com/@polkadot/rpc-augment/-/rpc-augment-10.0.1.tgz#f46a97543310837fd2feabc9419b9e8a6c68f9c0"
  integrity sha512-DZK4V99qIhtSS9gaYL5BjsFoa5DxIunO3emxvc5V0jm3o5ZNejGDwRCZNL/atIt5tGyjosU6cYMmVvvgLuQbzg==
  dependencies:
    "@polkadot/rpc-core" "10.0.1"
    "@polkadot/types" "10.0.1"
    "@polkadot/types-codec" "10.0.1"
    "@polkadot/util" "^11.0.1"
    tslib "^2.5.0"

"@polkadot/rpc-core@10.0.1":
  version "10.0.1"
  resolved "https://registry.yarnpkg.com/@polkadot/rpc-core/-/rpc-core-10.0.1.tgz#f6644c9e61c4001c76db2cc5cf80443d83cef26a"
  integrity sha512-HuWFttfQknSfB0Xff+svDP1rba5cwLyOhJ4EDPxz2QcyChTdOCzHBymD9GLKZJEaGp+IT4VOcUPwLDMml1TG1A==
  dependencies:
    "@polkadot/rpc-augment" "10.0.1"
    "@polkadot/rpc-provider" "10.0.1"
    "@polkadot/types" "10.0.1"
    "@polkadot/util" "^11.0.1"
    rxjs "^7.8.0"
    tslib "^2.5.0"

"@polkadot/rpc-provider@10.0.1":
  version "10.0.1"
  resolved "https://registry.yarnpkg.com/@polkadot/rpc-provider/-/rpc-provider-10.0.1.tgz#ad94e2f0c357263a7ea5e1b6566f6e772ad0b38a"
  integrity sha512-kv6uShbKgBZtoRcsxTVxpzkjRUqcd/cctG0lEqpy2BZU8koCnSu3XhooifcTm8jO17EUuC4Mm/wfM0DQKmojmQ==
  dependencies:
    "@polkadot/keyring" "^11.0.1"
    "@polkadot/types" "10.0.1"
    "@polkadot/types-support" "10.0.1"
    "@polkadot/util" "^11.0.1"
    "@polkadot/util-crypto" "^11.0.1"
    "@polkadot/x-fetch" "^11.0.1"
    "@polkadot/x-global" "^11.0.1"
    "@polkadot/x-ws" "^11.0.1"
    eventemitter3 "^5.0.0"
    mock-socket "^9.2.1"
    nock "^13.3.0"
    tslib "^2.5.0"
  optionalDependencies:
    "@substrate/connect" "0.7.20"

"@polkadot/types-augment@10.0.1":
  version "10.0.1"
  resolved "https://registry.yarnpkg.com/@polkadot/types-augment/-/types-augment-10.0.1.tgz#5c3d40c2976510f893e11f6acde02d8fe0c40a8b"
  integrity sha512-PK7CmZwamJiqIIuyeEfV2a1KsEKAuviTH7DkDZWb1aH8495hNkKx88JeTwotjTG6xrkaFZcEqF7UbhXCQs2zOA==
  dependencies:
    "@polkadot/types" "10.0.1"
    "@polkadot/types-codec" "10.0.1"
    "@polkadot/util" "^11.0.1"
    tslib "^2.5.0"

"@polkadot/types-codec@10.0.1":
  version "10.0.1"
  resolved "https://registry.yarnpkg.com/@polkadot/types-codec/-/types-codec-10.0.1.tgz#c9f4fd0142800fc5339de3c0d6c1611d7d0947d8"
  integrity sha512-RrrEuc6PZID/VvIH+eZ6aqvpx7kjbFD58nsb/8ZQR57352EP4tVvR3arHsqh6j2WiM62uJ3zKT/rL8bCYVHjIw==
  dependencies:
    "@polkadot/util" "^11.0.1"
    "@polkadot/x-bigint" "^11.0.1"
    tslib "^2.5.0"

"@polkadot/types-create@10.0.1":
  version "10.0.1"
  resolved "https://registry.yarnpkg.com/@polkadot/types-create/-/types-create-10.0.1.tgz#c94edbd181abc5b589a7807b20ccd16788eae2cd"
  integrity sha512-Sr4BmswhFGj09e727XeS4nOnrvkWwWSSaXAwLenwVOCK9UaevYw+jmc28HcYypL5+i8kT4jKyU+1av7UtJyOzg==
  dependencies:
    "@polkadot/types-codec" "10.0.1"
    "@polkadot/util" "^11.0.1"
    tslib "^2.5.0"

"@polkadot/types-known@10.0.1":
  version "10.0.1"
  resolved "https://registry.yarnpkg.com/@polkadot/types-known/-/types-known-10.0.1.tgz#0bbee8b8556d202549b2cacd7336122da9796492"
  integrity sha512-GoHnDS1yKwLmsEQX7xjcMNR5SvaszxGV7E5Jkgl16VOF3QmO13Vs19jz1bdyv4Dw6soKFI5XAUEJY9PoA0DDMg==
  dependencies:
    "@polkadot/networks" "^11.0.1"
    "@polkadot/types" "10.0.1"
    "@polkadot/types-codec" "10.0.1"
    "@polkadot/types-create" "10.0.1"
    "@polkadot/util" "^11.0.1"
    tslib "^2.5.0"

"@polkadot/types-support@10.0.1":
  version "10.0.1"
  resolved "https://registry.yarnpkg.com/@polkadot/types-support/-/types-support-10.0.1.tgz#301125e2e2840801e575cb969fe0cc2bb36df86a"
  integrity sha512-J5i4BM08/HZGBNQhN2X29eWPS8+Ie7n6O8L0y8IZ3rS0hkXU1V2SFd9X4LO8ADPGvT3JvPpQKESsq0f/Z5UbYQ==
  dependencies:
    "@polkadot/util" "^11.0.1"
    tslib "^2.5.0"

"@polkadot/types@10.0.1":
  version "10.0.1"
  resolved "https://registry.yarnpkg.com/@polkadot/types/-/types-10.0.1.tgz#54c636bbe6f151c5e4bc2c9220bb98bbb1fc428d"
  integrity sha512-/ALKLIWulXJrK/nNEY8iXByZRwaq1uQiRzzFqwWgfGpnLVCHYljV5ZEi3QqeDjGJzywQYxqJB+bJSiUe0+iNvg==
  dependencies:
    "@polkadot/keyring" "^11.0.1"
    "@polkadot/types-augment" "10.0.1"
    "@polkadot/types-codec" "10.0.1"
    "@polkadot/types-create" "10.0.1"
    "@polkadot/util" "^11.0.1"
    "@polkadot/util-crypto" "^11.0.1"
    rxjs "^7.8.0"
    tslib "^2.5.0"

"@polkadot/util-crypto@11.1.3", "@polkadot/util-crypto@^11.0.1":
  version "11.1.3"
  resolved "https://registry.yarnpkg.com/@polkadot/util-crypto/-/util-crypto-11.1.3.tgz#c3b166f8f8934a2139c8cfb31af50dae53a9d985"
  integrity sha512-hjH1y6jXQuceJ2NWx7+ei0sR4A7t844XwlNquPxZX3kQbQS+1t6tO4Eo3/95JhPsEaJOXduus02cYEF6gteEYQ==
  dependencies:
    "@noble/hashes" "1.3.0"
    "@noble/secp256k1" "1.7.1"
    "@polkadot/networks" "11.1.3"
    "@polkadot/util" "11.1.3"
    "@polkadot/wasm-crypto" "^7.0.3"
    "@polkadot/x-bigint" "11.1.3"
    "@polkadot/x-randomvalues" "11.1.3"
    "@scure/base" "1.1.1"
    tslib "^2.5.0"
    tweetnacl "^1.0.3"

"@polkadot/util@11.1.3", "@polkadot/util@^11.0.1":
  version "11.1.3"
  resolved "https://registry.yarnpkg.com/@polkadot/util/-/util-11.1.3.tgz#dcdc4504f7c31e6104e7970903d8c1998f3858ef"
  integrity sha512-Gsqzv1/fSoypS5tnJkM+NJQeT7O4iYlSniubUJnaZVOKsIbueTS1bMQ1y3/h8ISxbKBtICW5cZ6zCej6Q/jC3w==
  dependencies:
    "@polkadot/x-bigint" "11.1.3"
    "@polkadot/x-global" "11.1.3"
    "@polkadot/x-textdecoder" "11.1.3"
    "@polkadot/x-textencoder" "11.1.3"
    "@types/bn.js" "^5.1.1"
    bn.js "^5.2.1"
    tslib "^2.5.0"

"@polkadot/wasm-bridge@7.3.2":
  version "7.3.2"
  resolved "https://registry.yarnpkg.com/@polkadot/wasm-bridge/-/wasm-bridge-7.3.2.tgz#e1b01906b19e06cbca3d94f10f5666f2ae0baadc"
  integrity sha512-AJEXChcf/nKXd5Q/YLEV5dXQMle3UNT7jcXYmIffZAo/KI394a+/24PaISyQjoNC0fkzS1Q8T5pnGGHmXiVz2g==
  dependencies:
    "@polkadot/wasm-util" "7.3.2"
    tslib "^2.6.2"

"@polkadot/wasm-crypto-asmjs@7.3.2":
  version "7.3.2"
  resolved "https://registry.yarnpkg.com/@polkadot/wasm-crypto-asmjs/-/wasm-crypto-asmjs-7.3.2.tgz#c6d41bc4b48b5359d57a24ca3066d239f2d70a34"
  integrity sha512-QP5eiUqUFur/2UoF2KKKYJcesc71fXhQFLT3D4ZjG28Mfk2ZPI0QNRUfpcxVQmIUpV5USHg4geCBNuCYsMm20Q==
  dependencies:
    tslib "^2.6.2"

"@polkadot/wasm-crypto-init@7.3.2":
  version "7.3.2"
  resolved "https://registry.yarnpkg.com/@polkadot/wasm-crypto-init/-/wasm-crypto-init-7.3.2.tgz#7e1fe79ba978fb0a4a0f74a92d976299d38bc4b8"
  integrity sha512-FPq73zGmvZtnuJaFV44brze3Lkrki3b4PebxCy9Fplw8nTmisKo9Xxtfew08r0njyYh+uiJRAxPCXadkC9sc8g==
  dependencies:
    "@polkadot/wasm-bridge" "7.3.2"
    "@polkadot/wasm-crypto-asmjs" "7.3.2"
    "@polkadot/wasm-crypto-wasm" "7.3.2"
    "@polkadot/wasm-util" "7.3.2"
    tslib "^2.6.2"

"@polkadot/wasm-crypto-wasm@7.3.2":
  version "7.3.2"
  resolved "https://registry.yarnpkg.com/@polkadot/wasm-crypto-wasm/-/wasm-crypto-wasm-7.3.2.tgz#44e08ed5cf6499ce4a3aa7247071a5d01f6a74f4"
  integrity sha512-15wd0EMv9IXs5Abp1ZKpKKAVyZPhATIAHfKsyoWCEFDLSOA0/K0QGOxzrAlsrdUkiKZOq7uzSIgIDgW8okx2Mw==
  dependencies:
    "@polkadot/wasm-util" "7.3.2"
    tslib "^2.6.2"

"@polkadot/wasm-crypto@^7.0.3":
  version "7.3.2"
  resolved "https://registry.yarnpkg.com/@polkadot/wasm-crypto/-/wasm-crypto-7.3.2.tgz#61bbcd9e591500705c8c591e6aff7654bdc8afc9"
  integrity sha512-+neIDLSJ6jjVXsjyZ5oLSv16oIpwp+PxFqTUaZdZDoA2EyFRQB8pP7+qLsMNk+WJuhuJ4qXil/7XiOnZYZ+wxw==
  dependencies:
    "@polkadot/wasm-bridge" "7.3.2"
    "@polkadot/wasm-crypto-asmjs" "7.3.2"
    "@polkadot/wasm-crypto-init" "7.3.2"
    "@polkadot/wasm-crypto-wasm" "7.3.2"
    "@polkadot/wasm-util" "7.3.2"
    tslib "^2.6.2"

"@polkadot/wasm-util@7.3.2":
  version "7.3.2"
  resolved "https://registry.yarnpkg.com/@polkadot/wasm-util/-/wasm-util-7.3.2.tgz#4fe6370d2b029679b41a5c02cd7ebf42f9b28de1"
  integrity sha512-bmD+Dxo1lTZyZNxbyPE380wd82QsX+43mgCm40boyKrRppXEyQmWT98v/Poc7chLuskYb6X8IQ6lvvK2bGR4Tg==
  dependencies:
    tslib "^2.6.2"

"@polkadot/x-bigint@11.1.3", "@polkadot/x-bigint@^11.0.1":
  version "11.1.3"
  resolved "https://registry.yarnpkg.com/@polkadot/x-bigint/-/x-bigint-11.1.3.tgz#37b09a12a9ed6df704e047e261f1b8b2ac978497"
  integrity sha512-fRUUHfW9VFsXT7sLUUY7gSu8v+PvzNLRwvjnp+Ly8vFx9LTLuVGFCi+mpysuRTaPpqZZJlzBJ3fST7xTGh67Pg==
  dependencies:
    "@polkadot/x-global" "11.1.3"
    tslib "^2.5.0"

"@polkadot/x-fetch@^11.0.1":
  version "11.1.3"
  resolved "https://registry.yarnpkg.com/@polkadot/x-fetch/-/x-fetch-11.1.3.tgz#e39df53fc7fb6399d3883b45d03f6ef7f265a7f9"
  integrity sha512-+Z0RxxsN7+l2ZmmDdHqOo0kgqvjXJ1bw8CwTVnq3t9nPgZKn2pC3Fq3xdj/sRWiLuf/UhgCxKfYfMmt5ek4kIg==
  dependencies:
    "@polkadot/x-global" "11.1.3"
    node-fetch "^3.3.1"
    tslib "^2.5.0"

"@polkadot/x-global@11.1.3", "@polkadot/x-global@^11.0.1":
  version "11.1.3"
  resolved "https://registry.yarnpkg.com/@polkadot/x-global/-/x-global-11.1.3.tgz#4086694f52373fea63910b62da999bf0981d7d86"
  integrity sha512-R3aqtIjgzFHJ3TyX6wavhp+59oLbZiqczIHkaas/nJe21+SVARqFmIII6BwS7ty7+8Uu4fHliA9re+ZSUp+rwg==
  dependencies:
    tslib "^2.5.0"

"@polkadot/x-randomvalues@11.1.3":
  version "11.1.3"
  resolved "https://registry.yarnpkg.com/@polkadot/x-randomvalues/-/x-randomvalues-11.1.3.tgz#48dde21012aa4eef3bd00d46f545861727fb6618"
  integrity sha512-kZjbRgxokMR9UTodZQKs6s3C/Q2YgeizcxpDCghM/VdvQUE8OVBGNzduF7SvBvQyg2Qbg8jMcSxXOY7UgcOWSg==
  dependencies:
    "@polkadot/x-global" "11.1.3"
    tslib "^2.5.0"

"@polkadot/x-textdecoder@11.1.3":
  version "11.1.3"
  resolved "https://registry.yarnpkg.com/@polkadot/x-textdecoder/-/x-textdecoder-11.1.3.tgz#1d1e2aa86e47587393a6acb74a086ab97d62058d"
  integrity sha512-NhOjuXVfYRMw9l0VhCtZOtcWefZth58p5KpVOrFyJZd12fTsoMO5/746K7QoAjWRrLQTJ/LHCEKCtWww0LwVPw==
  dependencies:
    "@polkadot/x-global" "11.1.3"
    tslib "^2.5.0"

"@polkadot/x-textencoder@11.1.3":
  version "11.1.3"
  resolved "https://registry.yarnpkg.com/@polkadot/x-textencoder/-/x-textencoder-11.1.3.tgz#ba7621b636dcfa6ca4ab6176a6a52eef15904a72"
  integrity sha512-7DmqjlPN8aQexLUKwoHeadihpUnW8hjpXEru+aEDxjgq9XIxPvb++NeBK+Mra9RzzZRuiT/K5z16HlwKN//ewg==
  dependencies:
    "@polkadot/x-global" "11.1.3"
    tslib "^2.5.0"

"@polkadot/x-ws@^11.0.1":
  version "11.1.3"
  resolved "https://registry.yarnpkg.com/@polkadot/x-ws/-/x-ws-11.1.3.tgz#5a759bcbbbdceeecca53bcc74170e52cd3ca774b"
  integrity sha512-omNU2mIVX997HiHm2YxEdJdyCFnv+oTyKWZd0+FdS47rdfhVwD+H9/bS+rtQ9lIqfhODdGmw3fG//gq1KpYJcw==
  dependencies:
    "@polkadot/x-global" "11.1.3"
    tslib "^2.5.0"
    ws "^8.13.0"

"@scure/base@1.1.1":
  version "1.1.1"
  resolved "https://registry.yarnpkg.com/@scure/base/-/base-1.1.1.tgz#ebb651ee52ff84f420097055f4bf46cfba403938"
  integrity sha512-ZxOhsSyxYwLJj3pLZCefNitxsj093tb2vq90mp2txoYeBqbcjDjqFhyM8eUjq/uFm6zJ+mUuqxlS2FkuSY1MTA==

"@scure/base@~1.1.6":
  version "1.1.8"
  resolved "https://registry.yarnpkg.com/@scure/base/-/base-1.1.8.tgz#8f23646c352f020c83bca750a82789e246d42b50"
  integrity sha512-6CyAclxj3Nb0XT7GHK6K4zK6k2xJm6E4Ft0Ohjt4WgegiFUHEtFb2CGzmPmGBwoIhrLsqNLYfLr04Y1GePrzZg==

"@scure/bip32@1.4.0":
  version "1.4.0"
  resolved "https://registry.yarnpkg.com/@scure/bip32/-/bip32-1.4.0.tgz#4e1f1e196abedcef395b33b9674a042524e20d67"
  integrity sha512-sVUpc0Vq3tXCkDGYVWGIZTRfnvu8LoTDaev7vbwh0omSvVORONr960MQWdKqJDCReIEmTj3PAr73O3aoxz7OPg==
  dependencies:
    "@noble/curves" "~1.4.0"
    "@noble/hashes" "~1.4.0"
    "@scure/base" "~1.1.6"

"@scure/bip39@1.3.0":
  version "1.3.0"
  resolved "https://registry.yarnpkg.com/@scure/bip39/-/bip39-1.3.0.tgz#0f258c16823ddd00739461ac31398b4e7d6a18c3"
  integrity sha512-disdg7gHuTDZtY+ZdkmLpPCk7fxZSu3gBiEGuoC1XYxv9cGx3Z6cpTggCgW6odSOOIXCiDjuGejW+aJKCY/pIQ==
  dependencies:
    "@noble/hashes" "~1.4.0"
    "@scure/base" "~1.1.6"

"@substrate/connect-extension-protocol@^1.0.1":
  version "1.0.1"
  resolved "https://registry.yarnpkg.com/@substrate/connect-extension-protocol/-/connect-extension-protocol-1.0.1.tgz#fa5738039586c648013caa6a0c95c43265dbe77d"
  integrity sha512-161JhCC1csjH3GE5mPLEd7HbWtwNSPJBg3p1Ksz9SFlTzj/bgEwudiRN2y5i0MoLGCIJRYKyKGMxVnd29PzNjg==

"@substrate/connect@0.7.20":
  version "0.7.20"
  resolved "https://registry.yarnpkg.com/@substrate/connect/-/connect-0.7.20.tgz#ce5647368be21199d608715bbd77bcb7c25a4227"
  integrity sha512-f/sMgGUikJxDaNMkQXCU/1WaMy0MLJB+KS+P+CpsIhWyxj2dOcph5YXjAJiIlgrZqHImV28RJnraxXBD3AlmLQ==
  dependencies:
    "@substrate/connect-extension-protocol" "^1.0.1"
    eventemitter3 "^4.0.7"
    smoldot "0.7.11"

"@substrate/ss58-registry@^1.39.0":
  version "1.50.0"
  resolved "https://registry.yarnpkg.com/@substrate/ss58-registry/-/ss58-registry-1.50.0.tgz#2d2a3d060cd4eadd200e4538078461ba73e13d6d"
  integrity sha512-mkmlMlcC+MSd9rA+PN8ljGAm5fVZskvVwkXIsbx4NFwaT8kt38r7e9cyDWscG3z2Zn40POviZvEMrJSk+r2SgQ==

"@types/bn.js@^5.1.1":
  version "5.1.5"
  resolved "https://registry.yarnpkg.com/@types/bn.js/-/bn.js-5.1.5.tgz#2e0dacdcce2c0f16b905d20ff87aedbc6f7b4bf0"
  integrity sha512-V46N0zwKRF5Q00AZ6hWtN0T8gGmDUaUzLWQvHFo5yThtVwK/VCenFY3wXVbOvNfajEpsTfQM4IN9k/d6gUVX3A==
  dependencies:
    "@types/node" "*"

"@types/node@*":
  version "17.0.33"
  resolved "https://registry.yarnpkg.com/@types/node/-/node-17.0.33.tgz#3c1879b276dc63e73030bb91165e62a4509cd506"
  integrity sha512-miWq2m2FiQZmaHfdZNcbpp9PuXg34W5JZ5CrJ/BaS70VuhoJENBEQybeiYSaPBRNq6KQGnjfEnc/F3PN++D+XQ==

ansi-escapes@^3.2.0:
  version "3.2.0"
  resolved "https://registry.yarnpkg.com/ansi-escapes/-/ansi-escapes-3.2.0.tgz#8780b98ff9dbf5638152d1f1fe5c1d7b4442976b"
  integrity sha512-cBhpre4ma+U0T1oM5fXg7Dy1Jw7zzwv7lt/GoCpr+hDQJoYnKVPLL4dCvSEFMmQurOQvSrwT7SL/DAlhBI97RQ==

ansi-regex@^3.0.0:
  version "3.0.1"
  resolved "https://registry.yarnpkg.com/ansi-regex/-/ansi-regex-3.0.1.tgz#123d6479e92ad45ad897d4054e3c7ca7db4944e1"
  integrity sha512-+O9Jct8wf++lXxxFc4hc8LsjaSq0HFzzL7cVsw8pRDIPdjKD2mT4ytDZlLuSBZ4cLKZFXIrMGO7DbQCtMJJMKw==

ansi-regex@^4.1.0:
  version "4.1.1"
  resolved "https://registry.yarnpkg.com/ansi-regex/-/ansi-regex-4.1.1.tgz#164daac87ab2d6f6db3a29875e2d1766582dabed"
  integrity sha512-ILlv4k/3f6vfQ4OoP2AGvirOktlQ98ZEL1k9FaQjxa3L1abBgbuTDAdPOpvbGncC0BTVQrl+OM8xZGK6tWXt7g==

ansi-styles@^3.2.1:
  version "3.2.1"
  resolved "https://registry.yarnpkg.com/ansi-styles/-/ansi-styles-3.2.1.tgz#41fbb20243e50b12be0f04b8dedbf07520ce841d"
  integrity sha512-VT0ZI6kZRdTh8YyJw3SMbYm/u+NqfsAxEpWO0Pf9sq8/e94WxxOpPKx9FR1FlyCtOVDNOQ+8ntlqFxiRc+r5qA==
  dependencies:
    color-convert "^1.9.0"

base-x@^3.0.2:
  version "3.0.9"
  resolved "https://registry.yarnpkg.com/base-x/-/base-x-3.0.9.tgz#6349aaabb58526332de9f60995e548a53fe21320"
  integrity sha512-H7JU6iBHTal1gp56aKoaa//YUxEaAOUiydvrV/pILqIHXTtqxSkATOnDA2u+jZ/61sD+L/412+7kzXRtWukhpQ==
  dependencies:
    safe-buffer "^5.0.1"

bn.js@4.11.6:
  version "4.11.6"
  resolved "https://registry.yarnpkg.com/bn.js/-/bn.js-4.11.6.tgz#53344adb14617a13f6e8dd2ce28905d1c0ba3215"
  integrity sha1-UzRK2xRhehP26N0s4okF0cC6MhU=

bn.js@^4.11.8:
  version "4.12.0"
  resolved "https://registry.yarnpkg.com/bn.js/-/bn.js-4.12.0.tgz#775b3f278efbb9718eec7361f483fb36fbbfea88"
  integrity sha512-c98Bf3tPniI+scsdk237ku1Dc3ujXQTSgyiPUDEOe7tRkhrqridvh8klBv0HCEso1OLOYcHuCv/cS6DNxKH+ZA==

bn.js@^5.2.1:
  version "5.2.1"
  resolved "https://registry.yarnpkg.com/bn.js/-/bn.js-5.2.1.tgz#0bc527a6a0d18d0aa8d5b0538ce4a77dccfa7b70"
  integrity sha512-eXRvHzWyYPBuB4NBy0cmYQjGitUrtqwbvlzP3G6VFnNRbsZQIxQ10PbKKHt8gZ/HW/D/747aDl+QkDqg3KQLMQ==

bs58@^4.0.1:
  version "4.0.1"
  resolved "https://registry.yarnpkg.com/bs58/-/bs58-4.0.1.tgz#be161e76c354f6f788ae4071f63f34e8c4f0a42a"
  integrity sha1-vhYedsNU9veIrkBx9j806MTwpCo=
  dependencies:
    base-x "^3.0.2"

chalk@^2.4.2:
  version "2.4.2"
  resolved "https://registry.yarnpkg.com/chalk/-/chalk-2.4.2.tgz#cd42541677a54333cf541a49108c1432b44c9424"
  integrity sha512-Mti+f9lpJNcwF4tWV8/OrTTtF1gZi+f8FqlyAdouralcFWFQWF2+NgCHShjkCb+IFBLq9buZwE1xckQU4peSuQ==
  dependencies:
    ansi-styles "^3.2.1"
    escape-string-regexp "^1.0.5"
    supports-color "^5.3.0"

chardet@^0.7.0:
  version "0.7.0"
  resolved "https://registry.yarnpkg.com/chardet/-/chardet-0.7.0.tgz#90094849f0937f2eedc2425d0d28a9e5f0cbad9e"
  integrity sha512-mT8iDcrh03qDGRRmoA2hmBJnxpllMR+0/0qlzjqZES6NdiWDcZkCNAk4rPFZ9Q85r27unkiNNg8ZOiwZXBHwcA==

cli-cursor@^2.1.0:
  version "2.1.0"
  resolved "https://registry.yarnpkg.com/cli-cursor/-/cli-cursor-2.1.0.tgz#b35dac376479facc3e94747d41d0d0f5238ffcb5"
  integrity sha1-s12sN2R5+sw+lHR9QdDQ9SOP/LU=
  dependencies:
    restore-cursor "^2.0.0"

cli-width@^2.0.0:
  version "2.2.1"
  resolved "https://registry.yarnpkg.com/cli-width/-/cli-width-2.2.1.tgz#b0433d0b4e9c847ef18868a4ef16fd5fc8271c48"
  integrity sha512-GRMWDxpOB6Dgk2E5Uo+3eEBvtOOlimMmpbFiKuLFnQzYDavtLFY3K5ona41jgN/WdRZtG7utuVSVTL4HbZHGkw==

color-convert@^1.9.0:
  version "1.9.3"
  resolved "https://registry.yarnpkg.com/color-convert/-/color-convert-1.9.3.tgz#bb71850690e1f136567de629d2d5471deda4c1e8"
  integrity sha512-QfAUtd+vFdAtFQcC8CCyYt1fYWxSqAiK2cSD6zDB8N3cpsEBAvRxp9zOGg6G/SHHJYAT88/az/IuDGALsNVbGg==
  dependencies:
    color-name "1.1.3"

color-name@1.1.3:
  version "1.1.3"
  resolved "https://registry.yarnpkg.com/color-name/-/color-name-1.1.3.tgz#a7d0558bd89c42f795dd42328f740831ca53bc25"
  integrity sha1-p9BVi9icQveV3UIyj3QIMcpTvCU=

data-uri-to-buffer@^4.0.0:
  version "4.0.1"
  resolved "https://registry.yarnpkg.com/data-uri-to-buffer/-/data-uri-to-buffer-4.0.1.tgz#d8feb2b2881e6a4f58c2e08acfd0e2834e26222e"
  integrity sha512-0R9ikRb668HB7QDxT1vkpuUBtqc53YyAwMwGeUFKRojY/NWKvdZ+9UYtRfGmhqNbRkTSVpMbmyhXipFFv2cb/A==

debug@^4.1.0:
  version "4.3.4"
  resolved "https://registry.yarnpkg.com/debug/-/debug-4.3.4.tgz#1319f6579357f2338d3337d2cdd4914bb5dcc865"
  integrity sha512-PRWFHuSU3eDtQJPvnNY7Jcket1j0t5OuOsFzPPzsekD52Zl8qUfFIPEiswXqIvHWGVHOgX+7G/vCNNhehwxfkQ==
  dependencies:
    ms "2.1.2"

escape-string-regexp@^1.0.5:
  version "1.0.5"
  resolved "https://registry.yarnpkg.com/escape-string-regexp/-/escape-string-regexp-1.0.5.tgz#1b61c0562190a8dff6ae3bb2cf0200ca130b86d4"
  integrity sha1-G2HAViGQqN/2rjuyzwIAyhMLhtQ=

ethereum-bloom-filters@^1.0.6:
  version "1.0.10"
  resolved "https://registry.yarnpkg.com/ethereum-bloom-filters/-/ethereum-bloom-filters-1.0.10.tgz#3ca07f4aed698e75bd134584850260246a5fed8a"
  integrity sha512-rxJ5OFN3RwjQxDcFP2Z5+Q9ho4eIdEmSc2ht0fCu8Se9nbXjZ7/031uXoUYJ87KHCOdVeiUuwSnoS7hmYAGVHA==
  dependencies:
    js-sha3 "^0.8.0"

ethereum-cryptography@^2.0.0, ethereum-cryptography@^2.1.2:
  version "2.2.1"
  resolved "https://registry.yarnpkg.com/ethereum-cryptography/-/ethereum-cryptography-2.2.1.tgz#58f2810f8e020aecb97de8c8c76147600b0b8ccf"
  integrity sha512-r/W8lkHSiTLxUxW8Rf3u4HGB0xQweG2RyETjywylKZSzLWoWAijRz8WCuOtJ6wah+avllXBqZuk29HCCvhEIRg==
  dependencies:
    "@noble/curves" "1.4.2"
    "@noble/hashes" "1.4.0"
    "@scure/bip32" "1.4.0"
    "@scure/bip39" "1.3.0"

ethjs-unit@0.1.6:
  version "0.1.6"
  resolved "https://registry.yarnpkg.com/ethjs-unit/-/ethjs-unit-0.1.6.tgz#c665921e476e87bce2a9d588a6fe0405b2c41699"
  integrity sha1-xmWSHkduh7ziqdWIpv4EBbLEFpk=
  dependencies:
    bn.js "4.11.6"
    number-to-bn "1.7.0"

eventemitter3@^4.0.7:
  version "4.0.7"
  resolved "https://registry.yarnpkg.com/eventemitter3/-/eventemitter3-4.0.7.tgz#2de9b68f6528d5644ef5c59526a1b4a07306169f"
  integrity sha512-8guHBZCwKnFhYdHr2ysuRWErTwhoN2X8XELRlrRwpmfeY2jjuUN4taQMsULKUVo1K4DvZl+0pgfyoysHxvmvEw==

eventemitter3@^5.0.0:
  version "5.0.1"
  resolved "https://registry.yarnpkg.com/eventemitter3/-/eventemitter3-5.0.1.tgz#53f5ffd0a492ac800721bb42c66b841de96423c4"
  integrity sha512-GWkBvjiSZK87ELrYOSESUYeVIc9mvLLf/nXalMOS5dYrgZq9o5OVkbZAVM06CVxYsCwH9BDZFPlQTlPA1j4ahA==

external-editor@^3.0.3:
  version "3.1.0"
  resolved "https://registry.yarnpkg.com/external-editor/-/external-editor-3.1.0.tgz#cb03f740befae03ea4d283caed2741a83f335495"
  integrity sha512-hMQ4CX1p1izmuLYyZqLMO/qGNw10wSv9QDCPfzXfyFrOaCSSoRfqE1Kf1s5an66J5JZC62NewG+mK49jOCtQew==
  dependencies:
    chardet "^0.7.0"
    iconv-lite "^0.4.24"
    tmp "^0.0.33"

fetch-blob@^3.1.2, fetch-blob@^3.1.4:
  version "3.2.0"
  resolved "https://registry.yarnpkg.com/fetch-blob/-/fetch-blob-3.2.0.tgz#f09b8d4bbd45adc6f0c20b7e787e793e309dcce9"
  integrity sha512-7yAQpD2UMJzLi1Dqv7qFYnPbaPx7ZfFK6PiIxQ4PfkGPyNyl2Ugx+a/umUonmKqjhM4DnfbMvdX6otXq83soQQ==
  dependencies:
    node-domexception "^1.0.0"
    web-streams-polyfill "^3.0.3"

figures@^2.0.0:
  version "2.0.0"
  resolved "https://registry.yarnpkg.com/figures/-/figures-2.0.0.tgz#3ab1a2d2a62c8bfb431a0c94cb797a2fce27c962"
  integrity sha1-OrGi0qYsi/tDGgyUy3l6L84nyWI=
  dependencies:
    escape-string-regexp "^1.0.5"

formdata-polyfill@^4.0.10:
  version "4.0.10"
  resolved "https://registry.yarnpkg.com/formdata-polyfill/-/formdata-polyfill-4.0.10.tgz#24807c31c9d402e002ab3d8c720144ceb8848423"
  integrity sha512-buewHzMvYL29jdeQTVILecSaZKnt/RJWjoZCF5OW60Z67/GmSLBkOFM7qh1PI3zFNtJbaZL5eQu1vLfazOwj4g==
  dependencies:
    fetch-blob "^3.1.2"

has-flag@^3.0.0:
  version "3.0.0"
  resolved "https://registry.yarnpkg.com/has-flag/-/has-flag-3.0.0.tgz#b5d454dc2199ae225699f3467e5a07f3b955bafd"
  integrity sha1-tdRU3CGZriJWmfNGfloH87lVuv0=

iconv-lite@^0.4.24:
  version "0.4.24"
  resolved "https://registry.yarnpkg.com/iconv-lite/-/iconv-lite-0.4.24.tgz#2022b4b25fbddc21d2f524974a474aafe733908b"
  integrity sha512-v3MXnZAcvnywkTUEZomIActle7RXXeedOR31wwl7VlyoXO4Qi9arvSenNQWne1TcRwhCL1HwLI21bEqdpj8/rA==
  dependencies:
    safer-buffer ">= 2.1.2 < 3"

inquirer@^6.3.1:
  version "6.5.2"
  resolved "https://registry.yarnpkg.com/inquirer/-/inquirer-6.5.2.tgz#ad50942375d036d327ff528c08bd5fab089928ca"
  integrity sha512-cntlB5ghuB0iuO65Ovoi8ogLHiWGs/5yNrtUcKjFhSSiVeAIVpD7koaSU9RM8mpXw5YDi9RdYXGQMaOURB7ycQ==
  dependencies:
    ansi-escapes "^3.2.0"
    chalk "^2.4.2"
    cli-cursor "^2.1.0"
    cli-width "^2.0.0"
    external-editor "^3.0.3"
    figures "^2.0.0"
    lodash "^4.17.12"
    mute-stream "0.0.7"
    run-async "^2.2.0"
    rxjs "^6.4.0"
    string-width "^2.1.0"
    strip-ansi "^5.1.0"
    through "^2.3.6"

is-fullwidth-code-point@^2.0.0:
  version "2.0.0"
  resolved "https://registry.yarnpkg.com/is-fullwidth-code-point/-/is-fullwidth-code-point-2.0.0.tgz#a3b30a5c4f199183167aaab93beefae3ddfb654f"
  integrity sha1-o7MKXE8ZkYMWeqq5O+764937ZU8=

is-hex-prefixed@1.0.0:
  version "1.0.0"
  resolved "https://registry.yarnpkg.com/is-hex-prefixed/-/is-hex-prefixed-1.0.0.tgz#7d8d37e6ad77e5d127148913c573e082d777f554"
  integrity sha1-fY035q135dEnFIkTxXPggtd39VQ=

js-sha3@^0.8.0:
  version "0.8.0"
  resolved "https://registry.yarnpkg.com/js-sha3/-/js-sha3-0.8.0.tgz#b9b7a5da73afad7dedd0f8c463954cbde6818840"
  integrity sha512-gF1cRrHhIzNfToc802P800N8PpXS+evLLXfsVpowqmAFR9uwbi89WvXg2QspOmXL8QL86J4T1EpFu+yUkwJY3Q==

json-stringify-safe@^5.0.1:
  version "5.0.1"
  resolved "https://registry.yarnpkg.com/json-stringify-safe/-/json-stringify-safe-5.0.1.tgz#1296a2d58fd45f19a0f6ce01d65701e2c735b6eb"
  integrity sha1-Epai1Y/UXxmg9s4B1lcB4sc1tus=

lodash@^4.17.12:
  version "4.17.21"
  resolved "https://registry.yarnpkg.com/lodash/-/lodash-4.17.21.tgz#679591c564c3bffaae8454cf0b3df370c3d6911c"
  integrity sha512-v2kDEe57lecTulaDIuNTPy3Ry4gLGJ6Z1O3vE1krgXZNrsQ+LFTGHVxVjcXPs17LhbZVGedAJv8XZ1tvj5FvSg==

micro-ftch@^0.3.1:
  version "0.3.1"
  resolved "https://registry.yarnpkg.com/micro-ftch/-/micro-ftch-0.3.1.tgz#6cb83388de4c1f279a034fb0cf96dfc050853c5f"
  integrity sha512-/0LLxhzP0tfiR5hcQebtudP56gUurs2CLkGarnCiB/OqEyUFQ6U3paQi/tgLv0hBJYt2rnr9MNpxz4fiiugstg==

mimic-fn@^1.0.0:
  version "1.2.0"
  resolved "https://registry.yarnpkg.com/mimic-fn/-/mimic-fn-1.2.0.tgz#820c86a39334640e99516928bd03fca88057d022"
  integrity sha512-jf84uxzwiuiIVKiOLpfYk7N46TSy8ubTonmneY9vrpHNAnp0QBt2BxWV9dO3/j+BoVAb+a5G6YDPW3M5HOdMWQ==

mock-socket@^9.2.1:
  version "9.3.1"
  resolved "https://registry.yarnpkg.com/mock-socket/-/mock-socket-9.3.1.tgz#24fb00c2f573c84812aa4a24181bb025de80cc8e"
  integrity sha512-qxBgB7Qa2sEQgHFjj0dSigq7fX4k6Saisd5Nelwp2q8mlbAFh5dHV9JTTlF8viYJLSSWgMCZFUom8PJcMNBoJw==

ms@2.1.2:
  version "2.1.2"
  resolved "https://registry.yarnpkg.com/ms/-/ms-2.1.2.tgz#d09d1f357b443f493382a8eb3ccd183872ae6009"
  integrity sha512-sGkPx+VjMtmA6MX27oA4FBFELFCZZ4S4XqeGOXCv68tT+jb3vk/RyaKWP0PTKyWtmLSM0b+adUTEvbs1PEaH2w==

mute-stream@0.0.7:
  version "0.0.7"
  resolved "https://registry.yarnpkg.com/mute-stream/-/mute-stream-0.0.7.tgz#3075ce93bc21b8fab43e1bc4da7e8115ed1e7bab"
  integrity sha1-MHXOk7whuPq0PhvE2n6BFe0ee6s=

nock@^13.3.0:
  version "13.5.5"
  resolved "https://registry.yarnpkg.com/nock/-/nock-13.5.5.tgz#cd1caaca281d42be17d51946367a3d53a6af3e78"
  integrity sha512-XKYnqUrCwXC8DGG1xX4YH5yNIrlh9c065uaMZZHUoeUUINTOyt+x/G+ezYk0Ft6ExSREVIs+qBJDK503viTfFA==
  dependencies:
    debug "^4.1.0"
    json-stringify-safe "^5.0.1"
    propagate "^2.0.0"

node-domexception@^1.0.0:
  version "1.0.0"
  resolved "https://registry.yarnpkg.com/node-domexception/-/node-domexception-1.0.0.tgz#6888db46a1f71c0b76b3f7555016b63fe64766e5"
  integrity sha512-/jKZoMpw0F8GRwl4/eLROPA3cfcXtLApP0QzLmUT/HuPCZWyB7IY9ZrMeKw2O/nFIqPQB3PVM9aYm0F312AXDQ==

node-fetch@^3.3.1:
  version "3.3.2"
  resolved "https://registry.yarnpkg.com/node-fetch/-/node-fetch-3.3.2.tgz#d1e889bacdf733b4ff3b2b243eb7a12866a0b78b"
  integrity sha512-dRB78srN/l6gqWulah9SrxeYnxeddIG30+GOqK/9OlLVyLg3HPnr6SqOWTWOXKRwC2eGYCkZ59NNuSgvSrpgOA==
  dependencies:
    data-uri-to-buffer "^4.0.0"
    fetch-blob "^3.1.4"
    formdata-polyfill "^4.0.10"

number-to-bn@1.7.0:
  version "1.7.0"
  resolved "https://registry.yarnpkg.com/number-to-bn/-/number-to-bn-1.7.0.tgz#bb3623592f7e5f9e0030b1977bd41a0c53fe1ea0"
  integrity sha1-uzYjWS9+X54AMLGXe9QaDFP+HqA=
  dependencies:
    bn.js "4.11.6"
    strip-hex-prefix "1.0.0"

onetime@^2.0.0:
  version "2.0.1"
  resolved "https://registry.yarnpkg.com/onetime/-/onetime-2.0.1.tgz#067428230fd67443b2794b22bba528b6867962d4"
  integrity sha1-BnQoIw/WdEOyeUsiu6UotoZ5YtQ=
  dependencies:
    mimic-fn "^1.0.0"

os-tmpdir@~1.0.2:
  version "1.0.2"
  resolved "https://registry.yarnpkg.com/os-tmpdir/-/os-tmpdir-1.0.2.tgz#bbe67406c79aa85c5cfec766fe5734555dfa1274"
  integrity sha1-u+Z0BseaqFxc/sdm/lc0VV36EnQ=

pako@^2.0.4:
  version "2.1.0"
  resolved "https://registry.yarnpkg.com/pako/-/pako-2.1.0.tgz#266cc37f98c7d883545d11335c00fbd4062c9a86"
  integrity sha512-w+eufiZ1WuJYgPXbV/PO3NCMEc3xqylkKHzp8bxp1uW4qaSNQUkwmLLEc3kKsfz8lpV1F8Ht3U1Cm+9Srog2ug==

propagate@^2.0.0:
  version "2.0.1"
  resolved "https://registry.yarnpkg.com/propagate/-/propagate-2.0.1.tgz#40cdedab18085c792334e64f0ac17256d38f9a45"
  integrity sha512-vGrhOavPSTz4QVNuBNdcNXePNdNMaO1xj9yBeH1ScQPjk/rhg9sSlCXPhMkFuaNNW/syTvYqsnbIJxMBfRbbag==

randombytes@^2.1.0:
  version "2.1.0"
  resolved "https://registry.yarnpkg.com/randombytes/-/randombytes-2.1.0.tgz#df6f84372f0270dc65cdf6291349ab7a473d4f2a"
  integrity sha512-vYl3iOX+4CKUWuxGi9Ukhie6fsqXqS9FE2Zaic4tNFD2N2QQaXOMFbuKK4QmDHC0JO6B1Zp41J0LpT0oR68amQ==
  dependencies:
    safe-buffer "^5.1.0"

restore-cursor@^2.0.0:
  version "2.0.0"
  resolved "https://registry.yarnpkg.com/restore-cursor/-/restore-cursor-2.0.0.tgz#9f7ee287f82fd326d4fd162923d62129eee0dfaf"
  integrity sha1-n37ih/gv0ybU/RYpI9YhKe7g368=
  dependencies:
    onetime "^2.0.0"
    signal-exit "^3.0.2"

run-async@^2.2.0:
  version "2.4.1"
  resolved "https://registry.yarnpkg.com/run-async/-/run-async-2.4.1.tgz#8440eccf99ea3e70bd409d49aab88e10c189a455"
  integrity sha512-tvVnVv01b8c1RrA6Ep7JkStj85Guv/YrMcwqYQnwjsAS2cTmmPGBBjAjpCW7RrSodNSoE2/qg9O4bceNvUuDgQ==

rxjs@^6.4.0:
  version "6.6.7"
  resolved "https://registry.yarnpkg.com/rxjs/-/rxjs-6.6.7.tgz#90ac018acabf491bf65044235d5863c4dab804c9"
  integrity sha512-hTdwr+7yYNIT5n4AMYp85KA6yw2Va0FLa3Rguvbpa4W3I5xynaBZo41cM3XM+4Q6fRMj3sBYIR1VAmZMXYJvRQ==
  dependencies:
    tslib "^1.9.0"

rxjs@^7.8.0:
  version "7.8.1"
  resolved "https://registry.yarnpkg.com/rxjs/-/rxjs-7.8.1.tgz#6f6f3d99ea8044291efd92e7c7fcf562c4057543"
  integrity sha512-AA3TVj+0A2iuIoQkWEK/tqFjBq2j+6PO6Y0zJcvzLAFhEFIO3HL0vls9hWLncZbAAbK0mar7oZ4V079I/qPMxg==
  dependencies:
    tslib "^2.1.0"

safe-buffer@^5.0.1, safe-buffer@^5.1.0:
  version "5.2.1"
  resolved "https://registry.yarnpkg.com/safe-buffer/-/safe-buffer-5.2.1.tgz#1eaf9fa9bdb1fdd4ec75f58f9cdb4e6b7827eec6"
  integrity sha512-rp3So07KcdmmKbGvgaNxQSJr7bGVSVk5S9Eq1F+ppbRo70+YeaDxkw5Dd8NPN+GD6bjnYm2VuPuCXmpuYvmCXQ==

"safer-buffer@>= 2.1.2 < 3":
  version "2.1.2"
  resolved "https://registry.yarnpkg.com/safer-buffer/-/safer-buffer-2.1.2.tgz#44fa161b0187b9549dd84bb91802f9bd8385cd6a"
  integrity sha512-YZo3K82SD7Riyi0E1EQPojLz7kpepnSQI9IyPbHHg1XXXevb5dJI7tpyN2ADxGcQbHG7vcyRHk0cbwqcQriUtg==

signal-exit@^3.0.2:
  version "3.0.7"
  resolved "https://registry.yarnpkg.com/signal-exit/-/signal-exit-3.0.7.tgz#a9a1767f8af84155114eaabd73f99273c8f59ad9"
  integrity sha512-wnD2ZE+l+SPC/uoS0vXeE9L1+0wuaMqKlfz9AMUo38JsyLSBWSFcHR1Rri62LZc12vLr1gb3jl7iwQhgwpAbGQ==

smoldot@0.7.11:
  version "0.7.11"
  resolved "https://registry.yarnpkg.com/smoldot/-/smoldot-0.7.11.tgz#8e39464f2cf7736eacff5f2a87819dd9f688b352"
  integrity sha512-aE1led154FJ2/jrXKv2HLKdNIyvYJG6H2ZmKYFS++kW1OAcTQ6idDy3fzAI1VdydLDYK0YbKUsj7SJDmrjsS3g==
  dependencies:
    pako "^2.0.4"
    ws "^8.8.1"

string-width@^2.1.0:
  version "2.1.1"
  resolved "https://registry.yarnpkg.com/string-width/-/string-width-2.1.1.tgz#ab93f27a8dc13d28cac815c462143a6d9012ae9e"
  integrity sha512-nOqH59deCq9SRHlxq1Aw85Jnt4w6KvLKqWVik6oA9ZklXLNIOlqg4F2yrT1MVaTjAqvVwdfeZ7w7aCvJD7ugkw==
  dependencies:
    is-fullwidth-code-point "^2.0.0"
    strip-ansi "^4.0.0"

strip-ansi@^4.0.0:
  version "4.0.0"
  resolved "https://registry.yarnpkg.com/strip-ansi/-/strip-ansi-4.0.0.tgz#a8479022eb1ac368a871389b635262c505ee368f"
  integrity sha1-qEeQIusaw2iocTibY1JixQXuNo8=
  dependencies:
    ansi-regex "^3.0.0"

strip-ansi@^5.1.0:
  version "5.2.0"
  resolved "https://registry.yarnpkg.com/strip-ansi/-/strip-ansi-5.2.0.tgz#8c9a536feb6afc962bdfa5b104a5091c1ad9c0ae"
  integrity sha512-DuRs1gKbBqsMKIZlrffwlug8MHkcnpjs5VPmL1PAh+mA30U0DTotfDZ0d2UUsXpPmPmMMJ6W773MaA3J+lbiWA==
  dependencies:
    ansi-regex "^4.1.0"

strip-hex-prefix@1.0.0:
  version "1.0.0"
  resolved "https://registry.yarnpkg.com/strip-hex-prefix/-/strip-hex-prefix-1.0.0.tgz#0c5f155fef1151373377de9dbb588da05500e36f"
  integrity sha1-DF8VX+8RUTczd96du1iNoFUA428=
  dependencies:
    is-hex-prefixed "1.0.0"

supports-color@^5.3.0:
  version "5.5.0"
  resolved "https://registry.yarnpkg.com/supports-color/-/supports-color-5.5.0.tgz#e2e69a44ac8772f78a1ec0b35b689df6530efc8f"
  integrity sha512-QjVjwdXIt408MIiAqCX4oUKsgU2EqAGzs2Ppkm4aQYbjm+ZEWEcW4SfFNTr4uMNZma0ey4f5lgLrkB0aX0QMow==
  dependencies:
    has-flag "^3.0.0"

through@^2.3.6:
  version "2.3.8"
  resolved "https://registry.yarnpkg.com/through/-/through-2.3.8.tgz#0dd4c9ffaabc357960b1b724115d7e0e86a2e1f5"
  integrity sha1-DdTJ/6q8NXlgsbckEV1+Doai4fU=

tmp@^0.0.33:
  version "0.0.33"
  resolved "https://registry.yarnpkg.com/tmp/-/tmp-0.0.33.tgz#6d34335889768d21b2bcda0aa277ced3b1bfadf9"
  integrity sha512-jRCJlojKnZ3addtTOjdIqoRuPEKBvNXcGYqzO6zWZX8KfKEpnGY5jfggJQ3EjKuu8D4bJRr0y+cYJFmYbImXGw==
  dependencies:
    os-tmpdir "~1.0.2"

tslib@^1.9.0:
  version "1.14.1"
  resolved "https://registry.yarnpkg.com/tslib/-/tslib-1.14.1.tgz#cf2d38bdc34a134bcaf1091c41f6619e2f672d00"
  integrity sha512-Xni35NKzjgMrwevysHTCArtLDpPvye8zV/0E4EyYn43P7/7qvQwPh9BGkHewbMulVntbigmcT7rdX3BNo9wRJg==

tslib@^2.1.0:
  version "2.4.0"
  resolved "https://registry.yarnpkg.com/tslib/-/tslib-2.4.0.tgz#7cecaa7f073ce680a05847aa77be941098f36dc3"
  integrity sha512-d6xOpEDfsi2CZVlPQzGeux8XMwLT9hssAsaPYExaQMuYskwb+x1x7J371tWlbBdWHroy99KnVB6qIkUbs5X3UQ==

tslib@^2.5.0, tslib@^2.6.2:
  version "2.7.0"
  resolved "https://registry.yarnpkg.com/tslib/-/tslib-2.7.0.tgz#d9b40c5c40ab59e8738f297df3087bf1a2690c01"
  integrity sha512-gLXCKdN1/j47AiHiOkJN69hJmcbGTHI0ImLmbYLHykhgeN0jVGola9yVjFgzCUklsZQMW55o+dW7IXv3RCXDzA==

tweetnacl@^1.0.3:
  version "1.0.3"
  resolved "https://registry.yarnpkg.com/tweetnacl/-/tweetnacl-1.0.3.tgz#ac0af71680458d8a6378d0d0d050ab1407d35596"
  integrity sha512-6rt+RN7aOi1nGMyC4Xa5DdYiukl2UWCbcJft7YhxReBGQD7OAM8Pbxw6YMo4r2diNEA8FEmu32YOn9rhaiE5yw==

utf8@3.0.0:
  version "3.0.0"
  resolved "https://registry.yarnpkg.com/utf8/-/utf8-3.0.0.tgz#f052eed1364d696e769ef058b183df88c87f69d1"
  integrity sha512-E8VjFIQ/TyQgp+TZfS6l8yp/xWppSAHzidGiRrqe4bK4XP9pTRyKFgGJpO3SN7zdX4DeomTrwaseCHovfpFcqQ==

web-streams-polyfill@^3.0.3:
  version "3.3.3"
  resolved "https://registry.yarnpkg.com/web-streams-polyfill/-/web-streams-polyfill-3.3.3.tgz#2073b91a2fdb1fbfbd401e7de0ac9f8214cecb4b"
  integrity sha512-d2JWLCivmZYTSIoge9MsgFCZrt571BikcWGYkjC1khllbTeDlGqZ2D8vD8E/lJa8WGWbb7Plm8/XJYV7IJHZZw==

web3-utils@^1.10.1:
  version "1.10.4"
  resolved "https://registry.yarnpkg.com/web3-utils/-/web3-utils-1.10.4.tgz#0daee7d6841641655d8b3726baf33b08eda1cbec"
  integrity sha512-tsu8FiKJLk2PzhDl9fXbGUWTkkVXYhtTA+SmEFkKft+9BgwLxfCRpU96sWv7ICC8zixBNd3JURVoiR3dUXgP8A==
  dependencies:
    "@ethereumjs/util" "^8.1.0"
    bn.js "^5.2.1"
    ethereum-bloom-filters "^1.0.6"
    ethereum-cryptography "^2.1.2"
    ethjs-unit "0.1.6"
    number-to-bn "1.7.0"
    randombytes "^2.1.0"
    utf8 "3.0.0"

ws@^8.13.0, ws@^8.8.1:
  version "8.18.0"
  resolved "https://registry.yarnpkg.com/ws/-/ws-8.18.0.tgz#0d7505a6eafe2b0e712d232b42279f53bc289bbc"
  integrity sha512-8VbfWfHLbbwu3+N6OKsOMpBdT4kXPDDB9cJk2bJ6mh9ucxdlnNvH1e+roYkKmN9Nxw2yjz7VzeO9oOz2zJ04Pw==
